
Microsoft Visual Studio Solution File, Format Version 12.00
# Visual Studio Version 17
VisualStudioVersion = 17.0.32014.148
MinimumVisualStudioVersion = 10.0.40219.1
Project("{9A19103F-16F7-4668-BE54-9A1E7A4F7556}") = "FleaMarket", "FleaMarket\FleaMarket.csproj", "{E30937B0-B749-4229-8EF5-C2681873FDEA}"
EndProject
Project("{9A19103F-16F7-4668-BE54-9A1E7A4F7556}") = "Domain", "Domain\Domain.csproj", "{91BE33D9-3EA4-44E2-BC6E-8B66D95F6761}"
EndProject
Project("{9A19103F-16F7-4668-BE54-9A1E7A4F7556}") = "Repository", "Repository\Repository.csproj", "{38A8AF6F-6BCB-4A53-8357-8A52244CBD77}"
EndProject
Project("{9A19103F-16F7-4668-BE54-9A1E7A4F7556}") = "Tests", "Tests\Tests.csproj", "{627578CE-B105-43B0-84C8-F7E04BE15408}"
EndProject
Project("{9A19103F-16F7-4668-BE54-9A1E7A4F7556}") = "Services", "Services\Services.csproj", "{1FC85F7F-3BC0-4802-A08B-926777FD99E1}"
EndProject
Project("{FAE04EC0-301F-11D3-BF4B-00C04F79EFBC}") = "Migrator", "Migrator\Migrator.csproj", "{58895DDA-D02D-4993-9654-3958DAEAC51E}"
EndProject
Global
	GlobalSection(SolutionConfigurationPlatforms) = preSolution
		Debug|Any CPU = Debug|Any CPU
		Release|Any CPU = Release|Any CPU
	EndGlobalSection
	GlobalSection(ProjectConfigurationPlatforms) = postSolution
		{E30937B0-B749-4229-8EF5-C2681873FDEA}.Debug|Any CPU.ActiveCfg = Debug|Any CPU
		{E30937B0-B749-4229-8EF5-C2681873FDEA}.Debug|Any CPU.Build.0 = Debug|Any CPU
		{E30937B0-B749-4229-8EF5-C2681873FDEA}.Release|Any CPU.ActiveCfg = Release|Any CPU
		{E30937B0-B749-4229-8EF5-C2681873FDEA}.Release|Any CPU.Build.0 = Release|Any CPU
		{91BE33D9-3EA4-44E2-BC6E-8B66D95F6761}.Debug|Any CPU.ActiveCfg = Debug|Any CPU
		{91BE33D9-3EA4-44E2-BC6E-8B66D95F6761}.Debug|Any CPU.Build.0 = Debug|Any CPU
		{91BE33D9-3EA4-44E2-BC6E-8B66D95F6761}.Release|Any CPU.ActiveCfg = Release|Any CPU
		{91BE33D9-3EA4-44E2-BC6E-8B66D95F6761}.Release|Any CPU.Build.0 = Release|Any CPU
		{38A8AF6F-6BCB-4A53-8357-8A52244CBD77}.Debug|Any CPU.ActiveCfg = Debug|Any CPU
		{38A8AF6F-6BCB-4A53-8357-8A52244CBD77}.Debug|Any CPU.Build.0 = Debug|Any CPU
		{38A8AF6F-6BCB-4A53-8357-8A52244CBD77}.Release|Any CPU.ActiveCfg = Release|Any CPU
		{38A8AF6F-6BCB-4A53-8357-8A52244CBD77}.Release|Any CPU.Build.0 = Release|Any CPU
		{627578CE-B105-43B0-84C8-F7E04BE15408}.Debug|Any CPU.ActiveCfg = Debug|Any CPU
		{627578CE-B105-43B0-84C8-F7E04BE15408}.Debug|Any CPU.Build.0 = Debug|Any CPU
		{627578CE-B105-43B0-84C8-F7E04BE15408}.Release|Any CPU.ActiveCfg = Release|Any CPU
		{627578CE-B105-43B0-84C8-F7E04BE15408}.Release|Any CPU.Build.0 = Release|Any CPU
		{1FC85F7F-3BC0-4802-A08B-926777FD99E1}.Debug|Any CPU.ActiveCfg = Debug|Any CPU
		{1FC85F7F-3BC0-4802-A08B-926777FD99E1}.Debug|Any CPU.Build.0 = Debug|Any CPU
		{1FC85F7F-3BC0-4802-A08B-926777FD99E1}.Release|Any CPU.ActiveCfg = Release|Any CPU
		{1FC85F7F-3BC0-4802-A08B-926777FD99E1}.Release|Any CPU.Build.0 = Release|Any CPU
		{58895DDA-D02D-4993-9654-3958DAEAC51E}.Debug|Any CPU.ActiveCfg = Debug|Any CPU
		{58895DDA-D02D-4993-9654-3958DAEAC51E}.Debug|Any CPU.Build.0 = Debug|Any CPU
		{58895DDA-D02D-4993-9654-3958DAEAC51E}.Release|Any CPU.ActiveCfg = Release|Any CPU
		{58895DDA-D02D-4993-9654-3958DAEAC51E}.Release|Any CPU.Build.0 = Release|Any CPU
	EndGlobalSection
	GlobalSection(SolutionProperties) = preSolution
		HideSolutionNode = FALSE
	EndGlobalSection
	GlobalSection(ExtensibilityGlobals) = postSolution
		SolutionGuid = {FB343EB9-EF46-4144-9336-FE0DE98D5337}
	EndGlobalSection
EndGlobal
